
Microsoft Visual Studio Solution File, Format Version 12.00
# Visual Studio Version 16
VisualStudioVersion = 16.0.32901.82
MinimumVisualStudioVersion = 10.0.40219.1
Project("{8BC9CEB8-8B4A-11D0-8D11-00A0C91BC942}") = "Graphs", "Graphs\Graphs.vcxproj", "{ABCEF756-40C4-4370-BE6D-AFB1AF294F74}"
EndProject
Global
	GlobalSection(SolutionConfigurationPlatforms) = preSolution
		Debug|x64 = Debug|x64
		Debug|x86 = Debug|x86
		Release|x64 = Release|x64
		Release|x86 = Release|x86
	EndGlobalSection
	GlobalSection(ProjectConfigurationPlatforms) = postSolution
		{ABCEF756-40C4-4370-BE6D-AFB1AF294F74}.Debug|x64.ActiveCfg = Debug|x64
		{ABCEF756-40C4-4370-BE6D-AFB1AF294F74}.Debug|x64.Build.0 = Debug|x64
		{ABCEF756-40C4-4370-BE6D-AFB1AF294F74}.Debug|x86.ActiveCfg = Debug|Win32
		{ABCEF756-40C4-4370-BE6D-AFB1AF294F74}.Debug|x86.Build.0 = Debug|Win32
		{ABCEF756-40C4-4370-BE6D-AFB1AF294F74}.Release|x64.ActiveCfg = Release|x64
		{ABCEF756-40C4-4370-BE6D-AFB1AF294F74}.Release|x64.Build.0 = Release|x64
		{ABCEF756-40C4-4370-BE6D-AFB1AF294F74}.Release|x86.ActiveCfg = Release|Win32
		{ABCEF756-40C4-4370-BE6D-AFB1AF294F74}.Release|x86.Build.0 = Release|Win32
	EndGlobalSection
	GlobalSection(SolutionProperties) = preSolution
		HideSolutionNode = FALSE
	EndGlobalSection
	GlobalSection(ExtensibilityGlobals) = postSolution
		SolutionGuid = {B991B765-60BB-4FDA-9F44-05FCAE3966B9}
	EndGlobalSection
EndGlobal
